{
    "requires": true,
    "lockfileVersion": 1,
    "dependencies": {
        "beepbeep": {
            "version": "1.2.2",
            "resolved": "https://registry.npmjs.org/beepbeep/-/beepbeep-1.2.2.tgz",
            "integrity": "sha512-6Kz/q06tpY/rMlB+vmq1vFGkGwfSolJlbxR3QUZOFSlPSfYUpPMo43o25xu6ou1GaoTiXV8adlelhewilup0Ag=="
        },
        "node-fetch": {
            "version": "2.3.0",
            "resolved": "https://registry.npmjs.org/node-fetch/-/node-fetch-2.3.0.tgz",
            "integrity": "sha512-MOd8pV3fxENbryESLgVIeaGKrdl+uaYhCSSVkjeOb/31/njTpcis5aWfdqgNlHIrKOLRbMnfPINPOML2CIFeXA=="
        },
        "nodemailer": {
            "version": "6.1.0",
            "resolved": "https://registry.npmjs.org/nodemailer/-/nodemailer-6.1.0.tgz",
            "integrity": "sha512-mzKGT5Q1PY84v6oRVjy88ymMDLUbPqvIr26n9Uy3j2nXzdhKWx1z4GLSHOyX8655zMkQng1MFR3lK+cE1egS6Q=="
        },
        "one-time": {
            "version": "0.0.4",
            "resolved": "https://registry.npmjs.org/one-time/-/one-time-0.0.4.tgz",
            "integrity": "sha1-+M33eISCb+Tf+T46nMN7HkSAdC4="
        },
        "say": {
            "version": "0.15.0",
            "resolved": "https://registry.npmjs.org/say/-/say-0.15.0.tgz",
            "integrity": "sha512-X/vJ/ETDUnU0WZVJ1HA6AHzJJzT0PvFuZyThJ76wkqwsgcgvqJVH3tf+EqHdDBgANdYUEEmqzYo6I31cvT08pQ==",
            "requires": {
                "one-time": "0.0.4"
            }
        }
    }
}
