{
    "name": "Endgame-poller",
    "lockfileVersion": 2,
    "requires": true,
    "packages": {
        "": {
            "dependencies": {
                "beepbeep": "^1.2.2",
                "node-fetch": "^2.6.7",
                "nodemailer": "^6.1.0",
                "say": "^0.15.0"
            }
        },
        "node_modules/beepbeep": {
            "version": "1.2.2",
            "resolved": "https://registry.npmjs.org/beepbeep/-/beepbeep-1.2.2.tgz",
            "integrity": "sha512-6Kz/q06tpY/rMlB+vmq1vFGkGwfSolJlbxR3QUZOFSlPSfYUpPMo43o25xu6ou1GaoTiXV8adlelhewilup0Ag=="
        },
        "node_modules/node-fetch": {
            "version": "2.6.7",
            "resolved": "https://registry.npmjs.org/node-fetch/-/node-fetch-2.6.7.tgz",
            "integrity": "sha512-ZjMPFEfVx5j+y2yF35Kzx5sF7kDzxuDj6ziH4FFbOp87zKDZNx8yExJIb05OGF4Nlt9IHFIMBkRl41VdvcNdbQ==",
            "dependencies": {
                "whatwg-url": "^5.0.0"
            },
            "engines": {
                "node": "4.x || >=6.0.0"
            },
            "peerDependencies": {
                "encoding": "^0.1.0"
            },
            "peerDependenciesMeta": {
                "encoding": {
                    "optional": true
                }
            }
        },
        "node_modules/nodemailer": {
            "version": "6.1.0",
            "resolved": "https://registry.npmjs.org/nodemailer/-/nodemailer-6.1.0.tgz",
            "integrity": "sha512-mzKGT5Q1PY84v6oRVjy88ymMDLUbPqvIr26n9Uy3j2nXzdhKWx1z4GLSHOyX8655zMkQng1MFR3lK+cE1egS6Q==",
            "engines": {
                "node": ">=6.0.0"
            }
        },
        "node_modules/one-time": {
            "version": "0.0.4",
            "resolved": "https://registry.npmjs.org/one-time/-/one-time-0.0.4.tgz",
            "integrity": "sha1-+M33eISCb+Tf+T46nMN7HkSAdC4="
        },
        "node_modules/say": {
            "version": "0.15.0",
            "resolved": "https://registry.npmjs.org/say/-/say-0.15.0.tgz",
            "integrity": "sha512-X/vJ/ETDUnU0WZVJ1HA6AHzJJzT0PvFuZyThJ76wkqwsgcgvqJVH3tf+EqHdDBgANdYUEEmqzYo6I31cvT08pQ==",
            "dependencies": {
                "one-time": "0.0.4"
            },
            "engines": {
                "node": ">=6.9"
            }
        },
        "node_modules/tr46": {
            "version": "0.0.3",
            "resolved": "https://registry.npmjs.org/tr46/-/tr46-0.0.3.tgz",
            "integrity": "sha1-gYT9NH2snNwYWZLzpmIuFLnZq2o="
        },
        "node_modules/webidl-conversions": {
            "version": "3.0.1",
            "resolved": "https://registry.npmjs.org/webidl-conversions/-/webidl-conversions-3.0.1.tgz",
            "integrity": "sha1-JFNCdeKnvGvnvIZhHMFq4KVlSHE="
        },
        "node_modules/whatwg-url": {
            "version": "5.0.0",
            "resolved": "https://registry.npmjs.org/whatwg-url/-/whatwg-url-5.0.0.tgz",
            "integrity": "sha1-lmRU6HZUYuN2RNNib2dCzotwll0=",
            "dependencies": {
                "tr46": "~0.0.3",
                "webidl-conversions": "^3.0.0"
            }
        }
    },
    "dependencies": {
        "beepbeep": {
            "version": "1.2.2",
            "resolved": "https://registry.npmjs.org/beepbeep/-/beepbeep-1.2.2.tgz",
            "integrity": "sha512-6Kz/q06tpY/rMlB+vmq1vFGkGwfSolJlbxR3QUZOFSlPSfYUpPMo43o25xu6ou1GaoTiXV8adlelhewilup0Ag=="
        },
        "node-fetch": {
            "version": "2.6.7",
            "resolved": "https://registry.npmjs.org/node-fetch/-/node-fetch-2.6.7.tgz",
            "integrity": "sha512-ZjMPFEfVx5j+y2yF35Kzx5sF7kDzxuDj6ziH4FFbOp87zKDZNx8yExJIb05OGF4Nlt9IHFIMBkRl41VdvcNdbQ==",
            "requires": {
                "whatwg-url": "^5.0.0"
            }
        },
        "nodemailer": {
            "version": "6.1.0",
            "resolved": "https://registry.npmjs.org/nodemailer/-/nodemailer-6.1.0.tgz",
            "integrity": "sha512-mzKGT5Q1PY84v6oRVjy88ymMDLUbPqvIr26n9Uy3j2nXzdhKWx1z4GLSHOyX8655zMkQng1MFR3lK+cE1egS6Q=="
        },
        "one-time": {
            "version": "0.0.4",
            "resolved": "https://registry.npmjs.org/one-time/-/one-time-0.0.4.tgz",
            "integrity": "sha1-+M33eISCb+Tf+T46nMN7HkSAdC4="
        },
        "say": {
            "version": "0.15.0",
            "resolved": "https://registry.npmjs.org/say/-/say-0.15.0.tgz",
            "integrity": "sha512-X/vJ/ETDUnU0WZVJ1HA6AHzJJzT0PvFuZyThJ76wkqwsgcgvqJVH3tf+EqHdDBgANdYUEEmqzYo6I31cvT08pQ==",
            "requires": {
                "one-time": "0.0.4"
            }
        },
        "tr46": {
            "version": "0.0.3",
            "resolved": "https://registry.npmjs.org/tr46/-/tr46-0.0.3.tgz",
            "integrity": "sha1-gYT9NH2snNwYWZLzpmIuFLnZq2o="
        },
        "webidl-conversions": {
            "version": "3.0.1",
            "resolved": "https://registry.npmjs.org/webidl-conversions/-/webidl-conversions-3.0.1.tgz",
            "integrity": "sha1-JFNCdeKnvGvnvIZhHMFq4KVlSHE="
        },
        "whatwg-url": {
            "version": "5.0.0",
            "resolved": "https://registry.npmjs.org/whatwg-url/-/whatwg-url-5.0.0.tgz",
            "integrity": "sha1-lmRU6HZUYuN2RNNib2dCzotwll0=",
            "requires": {
                "tr46": "~0.0.3",
                "webidl-conversions": "^3.0.0"
            }
        }
    }
}
